
Microsoft Visual Studio Solution File, Format Version 12.00
# Visual Studio Version 17
VisualStudioVersion = 17.4.33213.308
MinimumVisualStudioVersion = 10.0.40219.1
Project("{2150E333-8FDC-42A3-9474-1A3956D46DE8}") = "Dapper", "Dapper", "{D86439A0-A409-4487-AC5C-2B72D566D8D1}"
EndProject
Project("{2150E333-8FDC-42A3-9474-1A3956D46DE8}") = "EntityFrameworkCore", "EntityFrameworkCore", "{14C1ED78-7F73-408B-B1F9-630AAECF0AE9}"
EndProject
Project("{FAE04EC0-301F-11D3-BF4B-00C04F79EFBC}") = "LightORM.Dapper", "Dapper\LightORM.Dapper\LightORM.Dapper.csproj", "{CBF8F7AB-3993-43A5-8212-BFD6F2D859F8}"
EndProject
Project("{FAE04EC0-301F-11D3-BF4B-00C04F79EFBC}") = "LightORM.Dapper.Sample", "Dapper\LightORM.Dapper.Sample\LightORM.Dapper.Sample.csproj", "{F58F4175-A8FE-465D-8C40-85D04D5B49DB}"
EndProject
Project("{FAE04EC0-301F-11D3-BF4B-00C04F79EFBC}") = "LightORM.EntityFrameworkCore", "EntityFrameworkCore\LightORM.EntityFrameworkCore\LightORM.EntityFrameworkCore.csproj", "{6E2451F8-B346-4B7B-9230-9B1218CF716F}"
EndProject
Project("{FAE04EC0-301F-11D3-BF4B-00C04F79EFBC}") = "LightORM.EntityFrameworkCore.Sample", "EntityFrameworkCore\LightORM.EntityFrameworkCore.Sample\LightORM.EntityFrameworkCore.Sample.csproj", "{4937A97C-8291-42F6-B37F-EFBDA25105B6}"
EndProject
Global
	GlobalSection(SolutionConfigurationPlatforms) = preSolution
		Debug|Any CPU = Debug|Any CPU
		Release|Any CPU = Release|Any CPU
	EndGlobalSection
	GlobalSection(ProjectConfigurationPlatforms) = postSolution
		{CBF8F7AB-3993-43A5-8212-BFD6F2D859F8}.Debug|Any CPU.ActiveCfg = Debug|Any CPU
		{CBF8F7AB-3993-43A5-8212-BFD6F2D859F8}.Debug|Any CPU.Build.0 = Debug|Any CPU
		{CBF8F7AB-3993-43A5-8212-BFD6F2D859F8}.Release|Any CPU.ActiveCfg = Release|Any CPU
		{CBF8F7AB-3993-43A5-8212-BFD6F2D859F8}.Release|Any CPU.Build.0 = Release|Any CPU
		{F58F4175-A8FE-465D-8C40-85D04D5B49DB}.Debug|Any CPU.ActiveCfg = Debug|Any CPU
		{F58F4175-A8FE-465D-8C40-85D04D5B49DB}.Debug|Any CPU.Build.0 = Debug|Any CPU
		{F58F4175-A8FE-465D-8C40-85D04D5B49DB}.Release|Any CPU.ActiveCfg = Release|Any CPU
		{F58F4175-A8FE-465D-8C40-85D04D5B49DB}.Release|Any CPU.Build.0 = Release|Any CPU
		{6E2451F8-B346-4B7B-9230-9B1218CF716F}.Debug|Any CPU.ActiveCfg = Debug|Any CPU
		{6E2451F8-B346-4B7B-9230-9B1218CF716F}.Debug|Any CPU.Build.0 = Debug|Any CPU
		{6E2451F8-B346-4B7B-9230-9B1218CF716F}.Release|Any CPU.ActiveCfg = Release|Any CPU
		{6E2451F8-B346-4B7B-9230-9B1218CF716F}.Release|Any CPU.Build.0 = Release|Any CPU
		{4937A97C-8291-42F6-B37F-EFBDA25105B6}.Debug|Any CPU.ActiveCfg = Debug|Any CPU
		{4937A97C-8291-42F6-B37F-EFBDA25105B6}.Debug|Any CPU.Build.0 = Debug|Any CPU
		{4937A97C-8291-42F6-B37F-EFBDA25105B6}.Release|Any CPU.ActiveCfg = Release|Any CPU
		{4937A97C-8291-42F6-B37F-EFBDA25105B6}.Release|Any CPU.Build.0 = Release|Any CPU
	EndGlobalSection
	GlobalSection(SolutionProperties) = preSolution
		HideSolutionNode = FALSE
	EndGlobalSection
	GlobalSection(NestedProjects) = preSolution
		{CBF8F7AB-3993-43A5-8212-BFD6F2D859F8} = {D86439A0-A409-4487-AC5C-2B72D566D8D1}
		{F58F4175-A8FE-465D-8C40-85D04D5B49DB} = {D86439A0-A409-4487-AC5C-2B72D566D8D1}
		{6E2451F8-B346-4B7B-9230-9B1218CF716F} = {14C1ED78-7F73-408B-B1F9-630AAECF0AE9}
		{4937A97C-8291-42F6-B37F-EFBDA25105B6} = {14C1ED78-7F73-408B-B1F9-630AAECF0AE9}
	EndGlobalSection
	GlobalSection(ExtensibilityGlobals) = postSolution
		SolutionGuid = {0E6BF577-0C90-4840-BF9B-FB55E9CA2A5F}
	EndGlobalSection
EndGlobal
