
Microsoft Visual Studio Solution File, Format Version 12.00
# Visual Studio Version 17
VisualStudioVersion = 17.4.33213.308
MinimumVisualStudioVersion = 10.0.40219.1
Project("{2150E333-8FDC-42A3-9474-1A3956D46DE8}") = "src", "src", "{B3BA197D-7153-4649-9766-44016FA67879}"
EndProject
Project("{2150E333-8FDC-42A3-9474-1A3956D46DE8}") = "test", "test", "{96D3F191-E3DA-4AB2-8961-0FBF03E490BB}"
EndProject
Project("{9A19103F-16F7-4668-BE54-9A1E7A4F7556}") = "LightORM", "src\LightORM\LightORM.csproj", "{72830EDB-536B-40B7-91C0-F97AE569DB25}"
EndProject
Global
	GlobalSection(SolutionConfigurationPlatforms) = preSolution
		Debug|Any CPU = Debug|Any CPU
		Release|Any CPU = Release|Any CPU
	EndGlobalSection
	GlobalSection(ProjectConfigurationPlatforms) = postSolution
		{72830EDB-536B-40B7-91C0-F97AE569DB25}.Debug|Any CPU.ActiveCfg = Debug|Any CPU
		{72830EDB-536B-40B7-91C0-F97AE569DB25}.Debug|Any CPU.Build.0 = Debug|Any CPU
		{72830EDB-536B-40B7-91C0-F97AE569DB25}.Release|Any CPU.ActiveCfg = Release|Any CPU
		{72830EDB-536B-40B7-91C0-F97AE569DB25}.Release|Any CPU.Build.0 = Release|Any CPU
	EndGlobalSection
	GlobalSection(SolutionProperties) = preSolution
		HideSolutionNode = FALSE
	EndGlobalSection
	GlobalSection(NestedProjects) = preSolution
		{72830EDB-536B-40B7-91C0-F97AE569DB25} = {B3BA197D-7153-4649-9766-44016FA67879}
	EndGlobalSection
	GlobalSection(ExtensibilityGlobals) = postSolution
		SolutionGuid = {0E6BF577-0C90-4840-BF9B-FB55E9CA2A5F}
	EndGlobalSection
EndGlobal
